payload:
  # Junk Promote
  - '+.ifree8.com'
  - '+.china-cdn-net.com'
  - '+.j05.space'
  - '+.hitun.io'
  - '+.susuifa.com'
  - '+.sunday.ga'
  - '+.chinacloudsites.cn'
  - '+.maxok.com'
  - '+.fanli.me'
  - '+.mengchaxun.com'
  - '+.naifeibus.top'
  # Fake Redirect
  - '+.gamesharing.cn'
  - '+.firefox.com.cn'
  - '+.internetdownloadmanager.com'
  - '+.c.pc.qq.com'
  # Anti Fraud
  - '+.m.sd.10086.cn'
  - '+.group.sx.10086.cn'
  - '+.www.js96110.com.cn'
  - '+.sn.ac.10086.cn'
  - '+.safemobile.govfz.com'
  - '+.safe.govfz.com'
  - '+.www.shfzzx.cn'
  # apple id phishing
  - '+.apple.com.*.cn'
  # Toilet
  - '+.dodo.link'
  - '+.yanetflix.com'
  - '+.netflixya.com'
  - '+.netflix.wang'
  - '+.netflix.mom'
  - '+.pipiduck.com'
  # Useless Package 
  - '+.cl5.apple.com'
  - '+.cl2-cn.apple.com'
  # Trash Bin
  - '+.2345.com'
  - '+.guanjia.qq.com'
  - '+.360.cn'
  - '+.360.com'
  - '+.pcsoft.com.cn'
  - '+.pc6.com'
  - '+.zol.com.cn'
  - '+.ijinshan.com'
  - '+.cmcm.com'
  - '+.iciba.com'
  - '+.youdao.com'
  - '+.fsou.cc'
  - '+.fsoufsou.com'
  - '+.officesoftcn.com'
  - '+.mairuan.com'
  # - '+.gitee.com'
  - '+.udesk.cn'
  - '+.csdn.com'
  - '+.csdn.net'
  - '+.ibreader.com'
  - '+.jianshu.com'
  - '+.jianshu.io'
  # Tracker
  - '+.vproapi.vmos.cn'
  - '+.wuzhuiso.com'
  - '+.so.com'
  - '+.sogou.com'
  - '+.cn.bing.com'
  - '+.petalsearch.com'
  - '+.lum-sdk.io'
  - '+.luminatinet.com'
  - '+.luminati-china.io'
  - '+.luminati.io'
  - '+.lum-cn.io'
  - '+.luminati-china.biz'
  - '+.strangled.net'
  - '+.sentry.io'
  - '+.statsigapi.net'
  - '+.openaicom.imgix.net'
  - '+.longwisedata.com'
  - '+.overbridgenet.com'
  # ads
  - '+.at3.doubanio.com'
  - '+.at3.doubanio.cn'
  # Propaganda Media
  # - '+.news.cn'
  # - '+.guancha.cn'
  - '+.people.com.cn'
  - '+.bjd.com.cn'
  - '+.paper.ce.cn'
  - '+.jjckb.cn'
  - '+.chinadaily.com.cn'
  - '+.cyol.net'
  - '+.huanqiu.com'
  - '+.globaltimes.cn'
  - '+.xinhuanet.com'
  - '+.cctv.com'
  - '+.brtv.org.cn'
  - '+.gmw.cn'
  # - '+.bjnews.com.cn'
  - '+.nxnews.net'
  - '+.xuexi.cn'
  - '+.021east.com'
  - '+.ncha.gov.cn'
  - '+.cnhubei.com'
  - '+.xhby.net'
  - '+.stdaily.com'
  - '+.bbrtv.com'
  - '+.jiemian.com'
  - '+.xinmin.cn'
  - '+.ce.cn'
  # - '+.yicai.com'
  # - '+.caixin.com'
  - '+.ciie.org'
  # - '+.infzm.com'
  # Extreme Religion
  - '+.epochtimes.com'
  - '+.mirrormedia.mg'
  - '+.islamqa.info'
  - '+.norislam.com'
  - '+.tbjcc.com'
